
Microsoft Visual Studio Solution File, Format Version 11.00
# Visual Studio 2010
Project("{8BC9CEB8-8B4A-11D0-8D11-00A0C91BC942}") = "3d", "3d.vcxproj", "{AECD8C0A-9BD8-425C-950B-D06B5DF45C6B}"
EndProject
Project("{8BC9CEB8-8B4A-11D0-8D11-00A0C91BC942}") = "asyncio", "asyncio.vcxproj", "{9A6D1E60-6EC9-488C-98F1-51C120C0976D}"
EndProject
Project("{8BC9CEB8-8B4A-11D0-8D11-00A0C91BC942}") = "channel_groups", "channel_groups.vcxproj", "{CF0C3035-8C8A-425B-BBF2-5CF93ABF8C85}"
EndProject
Project("{8BC9CEB8-8B4A-11D0-8D11-00A0C91BC942}") = "convolution_reverb", "convolution_reverb.vcxproj", "{98743599-75F5-4ED4-A5C8-210F597FBFCF}"
EndProject
Project("{8BC9CEB8-8B4A-11D0-8D11-00A0C91BC942}") = "dsp_custom", "dsp_custom.vcxproj", "{7C4682F2-14EF-4D01-82A2-7410B08EE9EC}"
EndProject
Project("{8BC9CEB8-8B4A-11D0-8D11-00A0C91BC942}") = "dsp_effect_per_speaker", "dsp_effect_per_speaker.vcxproj", "{E35239B0-05D5-43C8-B174-769628AD3AAE}"
EndProject
Project("{8BC9CEB8-8B4A-11D0-8D11-00A0C91BC942}") = "dsp_inspector", "dsp_inspector.vcxproj", "{312D1429-68AA-42B4-BEA6-A9D5FE711FE0}"
EndProject
Project("{8BC9CEB8-8B4A-11D0-8D11-00A0C91BC942}") = "effects", "effects.vcxproj", "{CA245572-F978-4B3B-885A-6D290207077E}"
EndProject
Project("{8BC9CEB8-8B4A-11D0-8D11-00A0C91BC942}") = "gapless_playback", "gapless_playback.vcxproj", "{B2AA6D1D-CA35-4458-851E-CAD500D8B3AB}"
EndProject
Project("{8BC9CEB8-8B4A-11D0-8D11-00A0C91BC942}") = "generate_tone", "generate_tone.vcxproj", "{B9324E78-374F-46FB-94C8-39F6462C4D01}"
EndProject
Project("{8BC9CEB8-8B4A-11D0-8D11-00A0C91BC942}") = "granular_synth", "granular_synth.vcxproj", "{0AB183CB-BC80-493A-BC29-E86D4742462A}"
EndProject
Project("{8BC9CEB8-8B4A-11D0-8D11-00A0C91BC942}") = "load_from_memory", "load_from_memory.vcxproj", "{0FB66567-3030-4411-8189-41C8D9F10DCC}"
EndProject
Project("{8BC9CEB8-8B4A-11D0-8D11-00A0C91BC942}") = "multiple_speaker", "multiple_speaker.vcxproj", "{899FBEEF-D904-4C77-8124-A2B876F3F842}"
EndProject
Project("{8BC9CEB8-8B4A-11D0-8D11-00A0C91BC942}") = "multiple_system", "multiple_system.vcxproj", "{130D8CF5-41A6-4CD6-9E8E-B34D0B377676}"
EndProject
Project("{8BC9CEB8-8B4A-11D0-8D11-00A0C91BC942}") = "net_stream", "net_stream.vcxproj", "{BF135CAF-8034-4D62-81BD-86A119A3A557}"
EndProject
Project("{8BC9CEB8-8B4A-11D0-8D11-00A0C91BC942}") = "play_sound", "play_sound.vcxproj", "{E9EC778B-80AF-422A-914C-828210C252DC}"
EndProject
Project("{8BC9CEB8-8B4A-11D0-8D11-00A0C91BC942}") = "play_stream", "play_stream.vcxproj", "{F34E3A69-F2CE-4706-B887-0E7F272294CF}"
EndProject
Project("{8BC9CEB8-8B4A-11D0-8D11-00A0C91BC942}") = "record", "record.vcxproj", "{B5674F0C-0B84-47BC-BA32-C7321515F727}"
EndProject
Project("{8BC9CEB8-8B4A-11D0-8D11-00A0C91BC942}") = "user_created_sound", "user_created_sound.vcxproj", "{837DA14E-1282-4779-B395-D437224F99F2}"
EndProject
Project("{8BC9CEB8-8B4A-11D0-8D11-00A0C91BC942}") = "fmod_codec_raw", "fmod_codec_raw.vcxproj", "{931DE239-10D8-41AB-8B7D-F78CD1DB63D2}"
EndProject
Project("{8BC9CEB8-8B4A-11D0-8D11-00A0C91BC942}") = "fmod_distance_filter", "fmod_distance_filter.vcxproj", "{85E9A29F-7C32-4048-885A-536FC900C016}"
EndProject
Project("{8BC9CEB8-8B4A-11D0-8D11-00A0C91BC942}") = "fmod_gain", "fmod_gain.vcxproj", "{0C61F496-AED1-4AF2-9B05-4FC04A80D38D}"
EndProject
Project("{8BC9CEB8-8B4A-11D0-8D11-00A0C91BC942}") = "fmod_noise", "fmod_noise.vcxproj", "{00CFDB98-BCCF-4A92-8458-49D6F0002964}"
EndProject
Global
	GlobalSection(SolutionConfigurationPlatforms) = preSolution
		Debug|Win32 = Debug|Win32
		Debug|x64 = Debug|x64
		Release|Win32 = Release|Win32
		Release|x64 = Release|x64
	EndGlobalSection
	GlobalSection(ProjectConfigurationPlatforms) = postSolution
		{AECD8C0A-9BD8-425C-950B-D06B5DF45C6B}.Debug|Win32.ActiveCfg = Debug|Win32
		{AECD8C0A-9BD8-425C-950B-D06B5DF45C6B}.Debug|Win32.Build.0 = Debug|Win32
		{AECD8C0A-9BD8-425C-950B-D06B5DF45C6B}.Debug|Win32.Deploy.0 = Debug|Win32
		{AECD8C0A-9BD8-425C-950B-D06B5DF45C6B}.Debug|x64.ActiveCfg = Debug|x64
		{AECD8C0A-9BD8-425C-950B-D06B5DF45C6B}.Debug|x64.Build.0 = Debug|x64
		{AECD8C0A-9BD8-425C-950B-D06B5DF45C6B}.Debug|x64.Deploy.0 = Debug|x64
		{AECD8C0A-9BD8-425C-950B-D06B5DF45C6B}.Release|Win32.ActiveCfg = Release|Win32
		{AECD8C0A-9BD8-425C-950B-D06B5DF45C6B}.Release|Win32.Build.0 = Release|Win32
		{AECD8C0A-9BD8-425C-950B-D06B5DF45C6B}.Release|Win32.Deploy.0 = Release|Win32
		{AECD8C0A-9BD8-425C-950B-D06B5DF45C6B}.Release|x64.ActiveCfg = Release|x64
		{AECD8C0A-9BD8-425C-950B-D06B5DF45C6B}.Release|x64.Build.0 = Release|x64
		{AECD8C0A-9BD8-425C-950B-D06B5DF45C6B}.Release|x64.Deploy.0 = Release|x64
		{9A6D1E60-6EC9-488C-98F1-51C120C0976D}.Debug|Win32.ActiveCfg = Debug|Win32
		{9A6D1E60-6EC9-488C-98F1-51C120C0976D}.Debug|Win32.Build.0 = Debug|Win32
		{9A6D1E60-6EC9-488C-98F1-51C120C0976D}.Debug|Win32.Deploy.0 = Debug|Win32
		{9A6D1E60-6EC9-488C-98F1-51C120C0976D}.Debug|x64.ActiveCfg = Debug|x64
		{9A6D1E60-6EC9-488C-98F1-51C120C0976D}.Debug|x64.Build.0 = Debug|x64
		{9A6D1E60-6EC9-488C-98F1-51C120C0976D}.Debug|x64.Deploy.0 = Debug|x64
		{9A6D1E60-6EC9-488C-98F1-51C120C0976D}.Release|Win32.ActiveCfg = Release|Win32
		{9A6D1E60-6EC9-488C-98F1-51C120C0976D}.Release|Win32.Build.0 = Release|Win32
		{9A6D1E60-6EC9-488C-98F1-51C120C0976D}.Release|Win32.Deploy.0 = Release|Win32
		{9A6D1E60-6EC9-488C-98F1-51C120C0976D}.Release|x64.ActiveCfg = Release|x64
		{9A6D1E60-6EC9-488C-98F1-51C120C0976D}.Release|x64.Build.0 = Release|x64
		{9A6D1E60-6EC9-488C-98F1-51C120C0976D}.Release|x64.Deploy.0 = Release|x64
		{CF0C3035-8C8A-425B-BBF2-5CF93ABF8C85}.Debug|Win32.ActiveCfg = Debug|Win32
		{CF0C3035-8C8A-425B-BBF2-5CF93ABF8C85}.Debug|Win32.Build.0 = Debug|Win32
		{CF0C3035-8C8A-425B-BBF2-5CF93ABF8C85}.Debug|Win32.Deploy.0 = Debug|Win32
		{CF0C3035-8C8A-425B-BBF2-5CF93ABF8C85}.Debug|x64.ActiveCfg = Debug|x64
		{CF0C3035-8C8A-425B-BBF2-5CF93ABF8C85}.Debug|x64.Build.0 = Debug|x64
		{CF0C3035-8C8A-425B-BBF2-5CF93ABF8C85}.Debug|x64.Deploy.0 = Debug|x64
		{CF0C3035-8C8A-425B-BBF2-5CF93ABF8C85}.Release|Win32.ActiveCfg = Release|Win32
		{CF0C3035-8C8A-425B-BBF2-5CF93ABF8C85}.Release|Win32.Build.0 = Release|Win32
		{CF0C3035-8C8A-425B-BBF2-5CF93ABF8C85}.Release|Win32.Deploy.0 = Release|Win32
		{CF0C3035-8C8A-425B-BBF2-5CF93ABF8C85}.Release|x64.ActiveCfg = Release|x64
		{CF0C3035-8C8A-425B-BBF2-5CF93ABF8C85}.Release|x64.Build.0 = Release|x64
		{CF0C3035-8C8A-425B-BBF2-5CF93ABF8C85}.Release|x64.Deploy.0 = Release|x64
		{98743599-75F5-4ED4-A5C8-210F597FBFCF}.Debug|Win32.ActiveCfg = Debug|Win32
		{98743599-75F5-4ED4-A5C8-210F597FBFCF}.Debug|Win32.Build.0 = Debug|Win32
		{98743599-75F5-4ED4-A5C8-210F597FBFCF}.Debug|Win32.Deploy.0 = Debug|Win32
		{98743599-75F5-4ED4-A5C8-210F597FBFCF}.Debug|x64.ActiveCfg = Debug|x64
		{98743599-75F5-4ED4-A5C8-210F597FBFCF}.Debug|x64.Build.0 = Debug|x64
		{98743599-75F5-4ED4-A5C8-210F597FBFCF}.Debug|x64.Deploy.0 = Debug|x64
		{98743599-75F5-4ED4-A5C8-210F597FBFCF}.Release|Win32.ActiveCfg = Release|Win32
		{98743599-75F5-4ED4-A5C8-210F597FBFCF}.Release|Win32.Build.0 = Release|Win32
		{98743599-75F5-4ED4-A5C8-210F597FBFCF}.Release|Win32.Deploy.0 = Release|Win32
		{98743599-75F5-4ED4-A5C8-210F597FBFCF}.Release|x64.ActiveCfg = Release|x64
		{98743599-75F5-4ED4-A5C8-210F597FBFCF}.Release|x64.Build.0 = Release|x64
		{98743599-75F5-4ED4-A5C8-210F597FBFCF}.Release|x64.Deploy.0 = Release|x64
		{7C4682F2-14EF-4D01-82A2-7410B08EE9EC}.Debug|Win32.ActiveCfg = Debug|Win32
		{7C4682F2-14EF-4D01-82A2-7410B08EE9EC}.Debug|Win32.Build.0 = Debug|Win32
		{7C4682F2-14EF-4D01-82A2-7410B08EE9EC}.Debug|Win32.Deploy.0 = Debug|Win32
		{7C4682F2-14EF-4D01-82A2-7410B08EE9EC}.Debug|x64.ActiveCfg = Debug|x64
		{7C4682F2-14EF-4D01-82A2-7410B08EE9EC}.Debug|x64.Build.0 = Debug|x64
		{7C4682F2-14EF-4D01-82A2-7410B08EE9EC}.Debug|x64.Deploy.0 = Debug|x64
		{7C4682F2-14EF-4D01-82A2-7410B08EE9EC}.Release|Win32.ActiveCfg = Release|Win32
		{7C4682F2-14EF-4D01-82A2-7410B08EE9EC}.Release|Win32.Build.0 = Release|Win32
		{7C4682F2-14EF-4D01-82A2-7410B08EE9EC}.Release|Win32.Deploy.0 = Release|Win32
		{7C4682F2-14EF-4D01-82A2-7410B08EE9EC}.Release|x64.ActiveCfg = Release|x64
		{7C4682F2-14EF-4D01-82A2-7410B08EE9EC}.Release|x64.Build.0 = Release|x64
		{7C4682F2-14EF-4D01-82A2-7410B08EE9EC}.Release|x64.Deploy.0 = Release|x64
		{E35239B0-05D5-43C8-B174-769628AD3AAE}.Debug|Win32.ActiveCfg = Debug|Win32
		{E35239B0-05D5-43C8-B174-769628AD3AAE}.Debug|Win32.Build.0 = Debug|Win32
		{E35239B0-05D5-43C8-B174-769628AD3AAE}.Debug|Win32.Deploy.0 = Debug|Win32
		{E35239B0-05D5-43C8-B174-769628AD3AAE}.Debug|x64.ActiveCfg = Debug|x64
		{E35239B0-05D5-43C8-B174-769628AD3AAE}.Debug|x64.Build.0 = Debug|x64
		{E35239B0-05D5-43C8-B174-769628AD3AAE}.Debug|x64.Deploy.0 = Debug|x64
		{E35239B0-05D5-43C8-B174-769628AD3AAE}.Release|Win32.ActiveCfg = Release|Win32
		{E35239B0-05D5-43C8-B174-769628AD3AAE}.Release|Win32.Build.0 = Release|Win32
		{E35239B0-05D5-43C8-B174-769628AD3AAE}.Release|Win32.Deploy.0 = Release|Win32
		{E35239B0-05D5-43C8-B174-769628AD3AAE}.Release|x64.ActiveCfg = Release|x64
		{E35239B0-05D5-43C8-B174-769628AD3AAE}.Release|x64.Build.0 = Release|x64
		{E35239B0-05D5-43C8-B174-769628AD3AAE}.Release|x64.Deploy.0 = Release|x64
		{312D1429-68AA-42B4-BEA6-A9D5FE711FE0}.Debug|Win32.ActiveCfg = Debug|Win32
		{312D1429-68AA-42B4-BEA6-A9D5FE711FE0}.Debug|Win32.Build.0 = Debug|Win32
		{312D1429-68AA-42B4-BEA6-A9D5FE711FE0}.Debug|Win32.Deploy.0 = Debug|Win32
		{312D1429-68AA-42B4-BEA6-A9D5FE711FE0}.Debug|x64.ActiveCfg = Debug|x64
		{312D1429-68AA-42B4-BEA6-A9D5FE711FE0}.Debug|x64.Build.0 = Debug|x64
		{312D1429-68AA-42B4-BEA6-A9D5FE711FE0}.Debug|x64.Deploy.0 = Debug|x64
		{312D1429-68AA-42B4-BEA6-A9D5FE711FE0}.Release|Win32.ActiveCfg = Release|Win32
		{312D1429-68AA-42B4-BEA6-A9D5FE711FE0}.Release|Win32.Build.0 = Release|Win32
		{312D1429-68AA-42B4-BEA6-A9D5FE711FE0}.Release|Win32.Deploy.0 = Release|Win32
		{312D1429-68AA-42B4-BEA6-A9D5FE711FE0}.Release|x64.ActiveCfg = Release|x64
		{312D1429-68AA-42B4-BEA6-A9D5FE711FE0}.Release|x64.Build.0 = Release|x64
		{312D1429-68AA-42B4-BEA6-A9D5FE711FE0}.Release|x64.Deploy.0 = Release|x64
		{CA245572-F978-4B3B-885A-6D290207077E}.Debug|Win32.ActiveCfg = Debug|Win32
		{CA245572-F978-4B3B-885A-6D290207077E}.Debug|Win32.Build.0 = Debug|Win32
		{CA245572-F978-4B3B-885A-6D290207077E}.Debug|Win32.Deploy.0 = Debug|Win32
		{CA245572-F978-4B3B-885A-6D290207077E}.Debug|x64.ActiveCfg = Debug|x64
		{CA245572-F978-4B3B-885A-6D290207077E}.Debug|x64.Build.0 = Debug|x64
		{CA245572-F978-4B3B-885A-6D290207077E}.Debug|x64.Deploy.0 = Debug|x64
		{CA245572-F978-4B3B-885A-6D290207077E}.Release|Win32.ActiveCfg = Release|Win32
		{CA245572-F978-4B3B-885A-6D290207077E}.Release|Win32.Build.0 = Release|Win32
		{CA245572-F978-4B3B-885A-6D290207077E}.Release|Win32.Deploy.0 = Release|Win32
		{CA245572-F978-4B3B-885A-6D290207077E}.Release|x64.ActiveCfg = Release|x64
		{CA245572-F978-4B3B-885A-6D290207077E}.Release|x64.Build.0 = Release|x64
		{CA245572-F978-4B3B-885A-6D290207077E}.Release|x64.Deploy.0 = Release|x64
		{B2AA6D1D-CA35-4458-851E-CAD500D8B3AB}.Debug|Win32.ActiveCfg = Debug|Win32
		{B2AA6D1D-CA35-4458-851E-CAD500D8B3AB}.Debug|Win32.Build.0 = Debug|Win32
		{B2AA6D1D-CA35-4458-851E-CAD500D8B3AB}.Debug|Win32.Deploy.0 = Debug|Win32
		{B2AA6D1D-CA35-4458-851E-CAD500D8B3AB}.Debug|x64.ActiveCfg = Debug|x64
		{B2AA6D1D-CA35-4458-851E-CAD500D8B3AB}.Debug|x64.Build.0 = Debug|x64
		{B2AA6D1D-CA35-4458-851E-CAD500D8B3AB}.Debug|x64.Deploy.0 = Debug|x64
		{B2AA6D1D-CA35-4458-851E-CAD500D8B3AB}.Release|Win32.ActiveCfg = Release|Win32
		{B2AA6D1D-CA35-4458-851E-CAD500D8B3AB}.Release|Win32.Build.0 = Release|Win32
		{B2AA6D1D-CA35-4458-851E-CAD500D8B3AB}.Release|Win32.Deploy.0 = Release|Win32
		{B2AA6D1D-CA35-4458-851E-CAD500D8B3AB}.Release|x64.ActiveCfg = Release|x64
		{B2AA6D1D-CA35-4458-851E-CAD500D8B3AB}.Release|x64.Build.0 = Release|x64
		{B2AA6D1D-CA35-4458-851E-CAD500D8B3AB}.Release|x64.Deploy.0 = Release|x64
		{B9324E78-374F-46FB-94C8-39F6462C4D01}.Debug|Win32.ActiveCfg = Debug|Win32
		{B9324E78-374F-46FB-94C8-39F6462C4D01}.Debug|Win32.Build.0 = Debug|Win32
		{B9324E78-374F-46FB-94C8-39F6462C4D01}.Debug|Win32.Deploy.0 = Debug|Win32
		{B9324E78-374F-46FB-94C8-39F6462C4D01}.Debug|x64.ActiveCfg = Debug|x64
		{B9324E78-374F-46FB-94C8-39F6462C4D01}.Debug|x64.Build.0 = Debug|x64
		{B9324E78-374F-46FB-94C8-39F6462C4D01}.Debug|x64.Deploy.0 = Debug|x64
		{B9324E78-374F-46FB-94C8-39F6462C4D01}.Release|Win32.ActiveCfg = Release|Win32
		{B9324E78-374F-46FB-94C8-39F6462C4D01}.Release|Win32.Build.0 = Release|Win32
		{B9324E78-374F-46FB-94C8-39F6462C4D01}.Release|Win32.Deploy.0 = Release|Win32
		{B9324E78-374F-46FB-94C8-39F6462C4D01}.Release|x64.ActiveCfg = Release|x64
		{B9324E78-374F-46FB-94C8-39F6462C4D01}.Release|x64.Build.0 = Release|x64
		{B9324E78-374F-46FB-94C8-39F6462C4D01}.Release|x64.Deploy.0 = Release|x64
		{0AB183CB-BC80-493A-BC29-E86D4742462A}.Debug|Win32.ActiveCfg = Debug|Win32
		{0AB183CB-BC80-493A-BC29-E86D4742462A}.Debug|Win32.Build.0 = Debug|Win32
		{0AB183CB-BC80-493A-BC29-E86D4742462A}.Debug|Win32.Deploy.0 = Debug|Win32
		{0AB183CB-BC80-493A-BC29-E86D4742462A}.Debug|x64.ActiveCfg = Debug|x64
		{0AB183CB-BC80-493A-BC29-E86D4742462A}.Debug|x64.Build.0 = Debug|x64
		{0AB183CB-BC80-493A-BC29-E86D4742462A}.Debug|x64.Deploy.0 = Debug|x64
		{0AB183CB-BC80-493A-BC29-E86D4742462A}.Release|Win32.ActiveCfg = Release|Win32
		{0AB183CB-BC80-493A-BC29-E86D4742462A}.Release|Win32.Build.0 = Release|Win32
		{0AB183CB-BC80-493A-BC29-E86D4742462A}.Release|Win32.Deploy.0 = Release|Win32
		{0AB183CB-BC80-493A-BC29-E86D4742462A}.Release|x64.ActiveCfg = Release|x64
		{0AB183CB-BC80-493A-BC29-E86D4742462A}.Release|x64.Build.0 = Release|x64
		{0AB183CB-BC80-493A-BC29-E86D4742462A}.Release|x64.Deploy.0 = Release|x64
		{0FB66567-3030-4411-8189-41C8D9F10DCC}.Debug|Win32.ActiveCfg = Debug|Win32
		{0FB66567-3030-4411-8189-41C8D9F10DCC}.Debug|Win32.Build.0 = Debug|Win32
		{0FB66567-3030-4411-8189-41C8D9F10DCC}.Debug|Win32.Deploy.0 = Debug|Win32
		{0FB66567-3030-4411-8189-41C8D9F10DCC}.Debug|x64.ActiveCfg = Debug|x64
		{0FB66567-3030-4411-8189-41C8D9F10DCC}.Debug|x64.Build.0 = Debug|x64
		{0FB66567-3030-4411-8189-41C8D9F10DCC}.Debug|x64.Deploy.0 = Debug|x64
		{0FB66567-3030-4411-8189-41C8D9F10DCC}.Release|Win32.ActiveCfg = Release|Win32
		{0FB66567-3030-4411-8189-41C8D9F10DCC}.Release|Win32.Build.0 = Release|Win32
		{0FB66567-3030-4411-8189-41C8D9F10DCC}.Release|Win32.Deploy.0 = Release|Win32
		{0FB66567-3030-4411-8189-41C8D9F10DCC}.Release|x64.ActiveCfg = Release|x64
		{0FB66567-3030-4411-8189-41C8D9F10DCC}.Release|x64.Build.0 = Release|x64
		{0FB66567-3030-4411-8189-41C8D9F10DCC}.Release|x64.Deploy.0 = Release|x64
		{899FBEEF-D904-4C77-8124-A2B876F3F842}.Debug|Win32.ActiveCfg = Debug|Win32
		{899FBEEF-D904-4C77-8124-A2B876F3F842}.Debug|Win32.Build.0 = Debug|Win32
		{899FBEEF-D904-4C77-8124-A2B876F3F842}.Debug|Win32.Deploy.0 = Debug|Win32
		{899FBEEF-D904-4C77-8124-A2B876F3F842}.Debug|x64.ActiveCfg = Debug|x64
		{899FBEEF-D904-4C77-8124-A2B876F3F842}.Debug|x64.Build.0 = Debug|x64
		{899FBEEF-D904-4C77-8124-A2B876F3F842}.Debug|x64.Deploy.0 = Debug|x64
		{899FBEEF-D904-4C77-8124-A2B876F3F842}.Release|Win32.ActiveCfg = Release|Win32
		{899FBEEF-D904-4C77-8124-A2B876F3F842}.Release|Win32.Build.0 = Release|Win32
		{899FBEEF-D904-4C77-8124-A2B876F3F842}.Release|Win32.Deploy.0 = Release|Win32
		{899FBEEF-D904-4C77-8124-A2B876F3F842}.Release|x64.ActiveCfg = Release|x64
		{899FBEEF-D904-4C77-8124-A2B876F3F842}.Release|x64.Build.0 = Release|x64
		{899FBEEF-D904-4C77-8124-A2B876F3F842}.Release|x64.Deploy.0 = Release|x64
		{130D8CF5-41A6-4CD6-9E8E-B34D0B377676}.Debug|Win32.ActiveCfg = Debug|Win32
		{130D8CF5-41A6-4CD6-9E8E-B34D0B377676}.Debug|Win32.Build.0 = Debug|Win32
		{130D8CF5-41A6-4CD6-9E8E-B34D0B377676}.Debug|Win32.Deploy.0 = Debug|Win32
		{130D8CF5-41A6-4CD6-9E8E-B34D0B377676}.Debug|x64.ActiveCfg = Debug|x64
		{130D8CF5-41A6-4CD6-9E8E-B34D0B377676}.Debug|x64.Build.0 = Debug|x64
		{130D8CF5-41A6-4CD6-9E8E-B34D0B377676}.Debug|x64.Deploy.0 = Debug|x64
		{130D8CF5-41A6-4CD6-9E8E-B34D0B377676}.Release|Win32.ActiveCfg = Release|Win32
		{130D8CF5-41A6-4CD6-9E8E-B34D0B377676}.Release|Win32.Build.0 = Release|Win32
		{130D8CF5-41A6-4CD6-9E8E-B34D0B377676}.Release|Win32.Deploy.0 = Release|Win32
		{130D8CF5-41A6-4CD6-9E8E-B34D0B377676}.Release|x64.ActiveCfg = Release|x64
		{130D8CF5-41A6-4CD6-9E8E-B34D0B377676}.Release|x64.Build.0 = Release|x64
		{130D8CF5-41A6-4CD6-9E8E-B34D0B377676}.Release|x64.Deploy.0 = Release|x64
		{BF135CAF-8034-4D62-81BD-86A119A3A557}.Debug|Win32.ActiveCfg = Debug|Win32
		{BF135CAF-8034-4D62-81BD-86A119A3A557}.Debug|Win32.Build.0 = Debug|Win32
		{BF135CAF-8034-4D62-81BD-86A119A3A557}.Debug|Win32.Deploy.0 = Debug|Win32
		{BF135CAF-8034-4D62-81BD-86A119A3A557}.Debug|x64.ActiveCfg = Debug|x64
		{BF135CAF-8034-4D62-81BD-86A119A3A557}.Debug|x64.Build.0 = Debug|x64
		{BF135CAF-8034-4D62-81BD-86A119A3A557}.Debug|x64.Deploy.0 = Debug|x64
		{BF135CAF-8034-4D62-81BD-86A119A3A557}.Release|Win32.ActiveCfg = Release|Win32
		{BF135CAF-8034-4D62-81BD-86A119A3A557}.Release|Win32.Build.0 = Release|Win32
		{BF135CAF-8034-4D62-81BD-86A119A3A557}.Release|Win32.Deploy.0 = Release|Win32
		{BF135CAF-8034-4D62-81BD-86A119A3A557}.Release|x64.ActiveCfg = Release|x64
		{BF135CAF-8034-4D62-81BD-86A119A3A557}.Release|x64.Build.0 = Release|x64
		{BF135CAF-8034-4D62-81BD-86A119A3A557}.Release|x64.Deploy.0 = Release|x64
		{E9EC778B-80AF-422A-914C-828210C252DC}.Debug|Win32.ActiveCfg = Debug|Win32
		{E9EC778B-80AF-422A-914C-828210C252DC}.Debug|Win32.Build.0 = Debug|Win32
		{E9EC778B-80AF-422A-914C-828210C252DC}.Debug|Win32.Deploy.0 = Debug|Win32
		{E9EC778B-80AF-422A-914C-828210C252DC}.Debug|x64.ActiveCfg = Debug|x64
		{E9EC778B-80AF-422A-914C-828210C252DC}.Debug|x64.Build.0 = Debug|x64
		{E9EC778B-80AF-422A-914C-828210C252DC}.Debug|x64.Deploy.0 = Debug|x64
		{E9EC778B-80AF-422A-914C-828210C252DC}.Release|Win32.ActiveCfg = Release|Win32
		{E9EC778B-80AF-422A-914C-828210C252DC}.Release|Win32.Build.0 = Release|Win32
		{E9EC778B-80AF-422A-914C-828210C252DC}.Release|Win32.Deploy.0 = Release|Win32
		{E9EC778B-80AF-422A-914C-828210C252DC}.Release|x64.ActiveCfg = Release|x64
		{E9EC778B-80AF-422A-914C-828210C252DC}.Release|x64.Build.0 = Release|x64
		{E9EC778B-80AF-422A-914C-828210C252DC}.Release|x64.Deploy.0 = Release|x64
		{F34E3A69-F2CE-4706-B887-0E7F272294CF}.Debug|Win32.ActiveCfg = Debug|Win32
		{F34E3A69-F2CE-4706-B887-0E7F272294CF}.Debug|Win32.Build.0 = Debug|Win32
		{F34E3A69-F2CE-4706-B887-0E7F272294CF}.Debug|Win32.Deploy.0 = Debug|Win32
		{F34E3A69-F2CE-4706-B887-0E7F272294CF}.Debug|x64.ActiveCfg = Debug|x64
		{F34E3A69-F2CE-4706-B887-0E7F272294CF}.Debug|x64.Build.0 = Debug|x64
		{F34E3A69-F2CE-4706-B887-0E7F272294CF}.Debug|x64.Deploy.0 = Debug|x64
		{F34E3A69-F2CE-4706-B887-0E7F272294CF}.Release|Win32.ActiveCfg = Release|Win32
		{F34E3A69-F2CE-4706-B887-0E7F272294CF}.Release|Win32.Build.0 = Release|Win32
		{F34E3A69-F2CE-4706-B887-0E7F272294CF}.Release|Win32.Deploy.0 = Release|Win32
		{F34E3A69-F2CE-4706-B887-0E7F272294CF}.Release|x64.ActiveCfg = Release|x64
		{F34E3A69-F2CE-4706-B887-0E7F272294CF}.Release|x64.Build.0 = Release|x64
		{F34E3A69-F2CE-4706-B887-0E7F272294CF}.Release|x64.Deploy.0 = Release|x64
		{B5674F0C-0B84-47BC-BA32-C7321515F727}.Debug|Win32.ActiveCfg = Debug|Win32
		{B5674F0C-0B84-47BC-BA32-C7321515F727}.Debug|Win32.Build.0 = Debug|Win32
		{B5674F0C-0B84-47BC-BA32-C7321515F727}.Debug|Win32.Deploy.0 = Debug|Win32
		{B5674F0C-0B84-47BC-BA32-C7321515F727}.Debug|x64.ActiveCfg = Debug|x64
		{B5674F0C-0B84-47BC-BA32-C7321515F727}.Debug|x64.Build.0 = Debug|x64
		{B5674F0C-0B84-47BC-BA32-C7321515F727}.Debug|x64.Deploy.0 = Debug|x64
		{B5674F0C-0B84-47BC-BA32-C7321515F727}.Release|Win32.ActiveCfg = Release|Win32
		{B5674F0C-0B84-47BC-BA32-C7321515F727}.Release|Win32.Build.0 = Release|Win32
		{B5674F0C-0B84-47BC-BA32-C7321515F727}.Release|Win32.Deploy.0 = Release|Win32
		{B5674F0C-0B84-47BC-BA32-C7321515F727}.Release|x64.ActiveCfg = Release|x64
		{B5674F0C-0B84-47BC-BA32-C7321515F727}.Release|x64.Build.0 = Release|x64
		{B5674F0C-0B84-47BC-BA32-C7321515F727}.Release|x64.Deploy.0 = Release|x64
		{837DA14E-1282-4779-B395-D437224F99F2}.Debug|Win32.ActiveCfg = Debug|Win32
		{837DA14E-1282-4779-B395-D437224F99F2}.Debug|Win32.Build.0 = Debug|Win32
		{837DA14E-1282-4779-B395-D437224F99F2}.Debug|Win32.Deploy.0 = Debug|Win32
		{837DA14E-1282-4779-B395-D437224F99F2}.Debug|x64.ActiveCfg = Debug|x64
		{837DA14E-1282-4779-B395-D437224F99F2}.Debug|x64.Build.0 = Debug|x64
		{837DA14E-1282-4779-B395-D437224F99F2}.Debug|x64.Deploy.0 = Debug|x64
		{837DA14E-1282-4779-B395-D437224F99F2}.Release|Win32.ActiveCfg = Release|Win32
		{837DA14E-1282-4779-B395-D437224F99F2}.Release|Win32.Build.0 = Release|Win32
		{837DA14E-1282-4779-B395-D437224F99F2}.Release|Win32.Deploy.0 = Release|Win32
		{837DA14E-1282-4779-B395-D437224F99F2}.Release|x64.ActiveCfg = Release|x64
		{837DA14E-1282-4779-B395-D437224F99F2}.Release|x64.Build.0 = Release|x64
		{837DA14E-1282-4779-B395-D437224F99F2}.Release|x64.Deploy.0 = Release|x64
		{931DE239-10D8-41AB-8B7D-F78CD1DB63D2}.Debug|Win32.ActiveCfg = Debug|Win32
		{931DE239-10D8-41AB-8B7D-F78CD1DB63D2}.Debug|Win32.Build.0 = Debug|Win32
		{931DE239-10D8-41AB-8B7D-F78CD1DB63D2}.Debug|Win32.Deploy.0 = Debug|Win32
		{931DE239-10D8-41AB-8B7D-F78CD1DB63D2}.Debug|x64.ActiveCfg = Debug|x64
		{931DE239-10D8-41AB-8B7D-F78CD1DB63D2}.Debug|x64.Build.0 = Debug|x64
		{931DE239-10D8-41AB-8B7D-F78CD1DB63D2}.Debug|x64.Deploy.0 = Debug|x64
		{931DE239-10D8-41AB-8B7D-F78CD1DB63D2}.Release|Win32.ActiveCfg = Release|Win32
		{931DE239-10D8-41AB-8B7D-F78CD1DB63D2}.Release|Win32.Build.0 = Release|Win32
		{931DE239-10D8-41AB-8B7D-F78CD1DB63D2}.Release|Win32.Deploy.0 = Release|Win32
		{931DE239-10D8-41AB-8B7D-F78CD1DB63D2}.Release|x64.ActiveCfg = Release|x64
		{931DE239-10D8-41AB-8B7D-F78CD1DB63D2}.Release|x64.Build.0 = Release|x64
		{931DE239-10D8-41AB-8B7D-F78CD1DB63D2}.Release|x64.Deploy.0 = Release|x64
		{85E9A29F-7C32-4048-885A-536FC900C016}.Debug|Win32.ActiveCfg = Debug|Win32
		{85E9A29F-7C32-4048-885A-536FC900C016}.Debug|Win32.Build.0 = Debug|Win32
		{85E9A29F-7C32-4048-885A-536FC900C016}.Debug|Win32.Deploy.0 = Debug|Win32
		{85E9A29F-7C32-4048-885A-536FC900C016}.Debug|x64.ActiveCfg = Debug|x64
		{85E9A29F-7C32-4048-885A-536FC900C016}.Debug|x64.Build.0 = Debug|x64
		{85E9A29F-7C32-4048-885A-536FC900C016}.Debug|x64.Deploy.0 = Debug|x64
		{85E9A29F-7C32-4048-885A-536FC900C016}.Release|Win32.ActiveCfg = Release|Win32
		{85E9A29F-7C32-4048-885A-536FC900C016}.Release|Win32.Build.0 = Release|Win32
		{85E9A29F-7C32-4048-885A-536FC900C016}.Release|Win32.Deploy.0 = Release|Win32
		{85E9A29F-7C32-4048-885A-536FC900C016}.Release|x64.ActiveCfg = Release|x64
		{85E9A29F-7C32-4048-885A-536FC900C016}.Release|x64.Build.0 = Release|x64
		{85E9A29F-7C32-4048-885A-536FC900C016}.Release|x64.Deploy.0 = Release|x64
		{0C61F496-AED1-4AF2-9B05-4FC04A80D38D}.Debug|Win32.ActiveCfg = Debug|Win32
		{0C61F496-AED1-4AF2-9B05-4FC04A80D38D}.Debug|Win32.Build.0 = Debug|Win32
		{0C61F496-AED1-4AF2-9B05-4FC04A80D38D}.Debug|Win32.Deploy.0 = Debug|Win32
		{0C61F496-AED1-4AF2-9B05-4FC04A80D38D}.Debug|x64.ActiveCfg = Debug|x64
		{0C61F496-AED1-4AF2-9B05-4FC04A80D38D}.Debug|x64.Build.0 = Debug|x64
		{0C61F496-AED1-4AF2-9B05-4FC04A80D38D}.Debug|x64.Deploy.0 = Debug|x64
		{0C61F496-AED1-4AF2-9B05-4FC04A80D38D}.Release|Win32.ActiveCfg = Release|Win32
		{0C61F496-AED1-4AF2-9B05-4FC04A80D38D}.Release|Win32.Build.0 = Release|Win32
		{0C61F496-AED1-4AF2-9B05-4FC04A80D38D}.Release|Win32.Deploy.0 = Release|Win32
		{0C61F496-AED1-4AF2-9B05-4FC04A80D38D}.Release|x64.ActiveCfg = Release|x64
		{0C61F496-AED1-4AF2-9B05-4FC04A80D38D}.Release|x64.Build.0 = Release|x64
		{0C61F496-AED1-4AF2-9B05-4FC04A80D38D}.Release|x64.Deploy.0 = Release|x64
		{00CFDB98-BCCF-4A92-8458-49D6F0002964}.Debug|Win32.ActiveCfg = Debug|Win32
		{00CFDB98-BCCF-4A92-8458-49D6F0002964}.Debug|Win32.Build.0 = Debug|Win32
		{00CFDB98-BCCF-4A92-8458-49D6F0002964}.Debug|Win32.Deploy.0 = Debug|Win32
		{00CFDB98-BCCF-4A92-8458-49D6F0002964}.Debug|x64.ActiveCfg = Debug|x64
		{00CFDB98-BCCF-4A92-8458-49D6F0002964}.Debug|x64.Build.0 = Debug|x64
		{00CFDB98-BCCF-4A92-8458-49D6F0002964}.Debug|x64.Deploy.0 = Debug|x64
		{00CFDB98-BCCF-4A92-8458-49D6F0002964}.Release|Win32.ActiveCfg = Release|Win32
		{00CFDB98-BCCF-4A92-8458-49D6F0002964}.Release|Win32.Build.0 = Release|Win32
		{00CFDB98-BCCF-4A92-8458-49D6F0002964}.Release|Win32.Deploy.0 = Release|Win32
		{00CFDB98-BCCF-4A92-8458-49D6F0002964}.Release|x64.ActiveCfg = Release|x64
		{00CFDB98-BCCF-4A92-8458-49D6F0002964}.Release|x64.Build.0 = Release|x64
		{00CFDB98-BCCF-4A92-8458-49D6F0002964}.Release|x64.Deploy.0 = Release|x64
	EndGlobalSection
	GlobalSection(SolutionProperties) = preSolution
		HideSolutionNode = FALSE
	EndGlobalSection
EndGlobal
